
Microsoft Visual Studio Solution File, Format Version 12.00
# Visual Studio Version 17
VisualStudioVersion = 17.4.33122.133
MinimumVisualStudioVersion = 10.0.40219.1
Project("{9A19103F-16F7-4668-BE54-9A1E7A4F7556}") = "01. Student Information", "Basic Syntax, Conditional Statements and Loops - Lab\01. Student Information.csproj", "{206C175F-1780-4EC6-8AE7-D8EA26161100}"
EndProject
Project("{2150E333-8FDC-42A3-9474-1A3956D46DE8}") = "Basic Syntax Conditional Statements and Loops", "Basic Syntax Conditional Statements and Loops", "{6E77C855-470B-49DE-BDD6-256122AA8CE1}"
EndProject
Project("{9A19103F-16F7-4668-BE54-9A1E7A4F7556}") = "02. Passed", "02. Passed\02. Passed.csproj", "{6EB4BB87-18D3-4285-908B-9507112C1B88}"
EndProject
Project("{9A19103F-16F7-4668-BE54-9A1E7A4F7556}") = "03. Passed or Failed", "03. Passed or Failed\03. Passed or Failed.csproj", "{5D9E92CF-7079-45E9-A52F-DD809AEEFA09}"
EndProject
Project("{9A19103F-16F7-4668-BE54-9A1E7A4F7556}") = "04. Back In 30 Minutes", "04. Back In 30 Minutes\04. Back In 30 Minutes.csproj", "{7E0B8C4F-7109-4416-AB7D-D656A898A14E}"
EndProject
Project("{9A19103F-16F7-4668-BE54-9A1E7A4F7556}") = "05. Month Printer", "05. Month Printer\05. Month Printer.csproj", "{A4453E0E-1032-4EB7-A99A-89503FF92619}"
EndProject
Project("{9A19103F-16F7-4668-BE54-9A1E7A4F7556}") = "06. Foreign Languages", "06. Foreign Languages\06. Foreign Languages.csproj", "{C7AF7D55-0F7D-4FBD-BED8-B2CF5D0A0FAE}"
EndProject
Project("{9A19103F-16F7-4668-BE54-9A1E7A4F7556}") = "07. Theatre Promotion", "07. Theatre Promotion\07. Theatre Promotion.csproj", "{DB572EAF-E9C3-4148-91CD-BA398CB40F4C}"
EndProject
Project("{9A19103F-16F7-4668-BE54-9A1E7A4F7556}") = "08. Divisible by 3", "08. Divisible by 3\08. Divisible by 3.csproj", "{B921CB7A-9C00-4A9A-B546-D0ED005EBEDB}"
EndProject
Project("{9A19103F-16F7-4668-BE54-9A1E7A4F7556}") = "09. Sum of Odd Numbers", "09. Sum of Odd Numbers\09. Sum of Odd Numbers.csproj", "{937D08FB-D782-4B7F-AF8C-A0FF95B163F4}"
EndProject
Project("{9A19103F-16F7-4668-BE54-9A1E7A4F7556}") = "10. Multiplication Table", "10. Multiplication Table\10. Multiplication Table.csproj", "{89813F25-E1E7-4D07-9DC7-075505552368}"
EndProject
Project("{9A19103F-16F7-4668-BE54-9A1E7A4F7556}") = "11. Multiplication Table 2.0", "11. Multiplication Table 2.0\11. Multiplication Table 2.0.csproj", "{34E9CBAD-DDF6-4AAE-A48C-CB909B813E71}"
EndProject
Project("{9A19103F-16F7-4668-BE54-9A1E7A4F7556}") = "12. Even Number", "12. Even Number\12. Even Number.csproj", "{A461F9A6-A03B-4C9A-A9B2-15B65B3D3B61}"
EndProject
Project("{9A19103F-16F7-4668-BE54-9A1E7A4F7556}") = "01. Ages", "01. Ages\01. Ages.csproj", "{3F867280-B694-417D-8E29-5A71B5D8E750}"
EndProject
Project("{9A19103F-16F7-4668-BE54-9A1E7A4F7556}") = "02. Division", "02. Division\02. Division.csproj", "{C2CC13E4-3843-45B0-A0E6-D0AF67F2B4AE}"
EndProject
Project("{9A19103F-16F7-4668-BE54-9A1E7A4F7556}") = "03. Vacation", "03. Vacation\03. Vacation.csproj", "{7A79E7BB-9D78-4B88-A664-C80DFC3E799D}"
EndProject
Project("{9A19103F-16F7-4668-BE54-9A1E7A4F7556}") = "04. Print and sum", "04. Print and sum\04. Print and sum.csproj", "{A4DFC0BC-534F-4009-8D09-638537690E09}"
EndProject
Project("{9A19103F-16F7-4668-BE54-9A1E7A4F7556}") = "05. Login", "05. Login\05. Login.csproj", "{337DF73E-7BAF-4785-BAE1-07985C6C7669}"
EndProject
Project("{9A19103F-16F7-4668-BE54-9A1E7A4F7556}") = "06. Strong number", "06. Strong number\06. Strong number.csproj", "{8A9A7408-19FD-4FED-9FFD-7EE21C17B785}"
EndProject
Project("{9A19103F-16F7-4668-BE54-9A1E7A4F7556}") = "07. Vending Machine", "07. Vending Machine\07. Vending Machine.csproj", "{D71CB750-F9B3-4970-861C-30330A949280}"
EndProject
Project("{9A19103F-16F7-4668-BE54-9A1E7A4F7556}") = "08. Triangle of Numbers", "08. Triangle of Numbers\08. Triangle of Numbers.csproj", "{AC338BD4-06D9-4E4E-AAF4-DD1F2FA143B4}"
EndProject
Project("{9A19103F-16F7-4668-BE54-9A1E7A4F7556}") = "09. Padawan Equipment", "09. Padawan Equipment\09. Padawan Equipment.csproj", "{B062041D-DEDE-4135-8C24-5AD1F1C1F7F5}"
EndProject
Project("{9A19103F-16F7-4668-BE54-9A1E7A4F7556}") = "11. Orders", "11. Orders\11. Orders.csproj", "{F179971A-81D8-4300-905B-C404B41A2F0C}"
EndProject
Project("{FAE04EC0-301F-11D3-BF4B-00C04F79EFBC}") = "01. Sort Numbers", "01. Sort Numbers\01. Sort Numbers.csproj", "{7B08712F-A14E-46ED-B97B-8D65A230B608}"
EndProject
Project("{FAE04EC0-301F-11D3-BF4B-00C04F79EFBC}") = "02. English Name of the Last Digit", "02. English Name of the Last Digit\02. English Name of the Last Digit.csproj", "{779EF80B-65EB-4351-8906-85D0FB115DA6}"
EndProject
Project("{FAE04EC0-301F-11D3-BF4B-00C04F79EFBC}") = "03. Gaming Store", "03. Gaming Store\03. Gaming Store.csproj", "{15D0016E-8CC6-42DE-AEFA-9E678E507204}"
EndProject
Project("{FAE04EC0-301F-11D3-BF4B-00C04F79EFBC}") = "04. Reverse String", "04. Reverse String\04. Reverse String.csproj", "{E2CDFC5F-A632-483E-AD19-0FC0028AE4FB}"
EndProject
Global
	GlobalSection(SolutionConfigurationPlatforms) = preSolution
		Debug|Any CPU = Debug|Any CPU
		Release|Any CPU = Release|Any CPU
	EndGlobalSection
	GlobalSection(ProjectConfigurationPlatforms) = postSolution
		{206C175F-1780-4EC6-8AE7-D8EA26161100}.Debug|Any CPU.ActiveCfg = Debug|Any CPU
		{206C175F-1780-4EC6-8AE7-D8EA26161100}.Debug|Any CPU.Build.0 = Debug|Any CPU
		{206C175F-1780-4EC6-8AE7-D8EA26161100}.Release|Any CPU.ActiveCfg = Release|Any CPU
		{206C175F-1780-4EC6-8AE7-D8EA26161100}.Release|Any CPU.Build.0 = Release|Any CPU
		{6EB4BB87-18D3-4285-908B-9507112C1B88}.Debug|Any CPU.ActiveCfg = Debug|Any CPU
		{6EB4BB87-18D3-4285-908B-9507112C1B88}.Debug|Any CPU.Build.0 = Debug|Any CPU
		{6EB4BB87-18D3-4285-908B-9507112C1B88}.Release|Any CPU.ActiveCfg = Release|Any CPU
		{6EB4BB87-18D3-4285-908B-9507112C1B88}.Release|Any CPU.Build.0 = Release|Any CPU
		{5D9E92CF-7079-45E9-A52F-DD809AEEFA09}.Debug|Any CPU.ActiveCfg = Debug|Any CPU
		{5D9E92CF-7079-45E9-A52F-DD809AEEFA09}.Debug|Any CPU.Build.0 = Debug|Any CPU
		{5D9E92CF-7079-45E9-A52F-DD809AEEFA09}.Release|Any CPU.ActiveCfg = Release|Any CPU
		{5D9E92CF-7079-45E9-A52F-DD809AEEFA09}.Release|Any CPU.Build.0 = Release|Any CPU
		{7E0B8C4F-7109-4416-AB7D-D656A898A14E}.Debug|Any CPU.ActiveCfg = Debug|Any CPU
		{7E0B8C4F-7109-4416-AB7D-D656A898A14E}.Debug|Any CPU.Build.0 = Debug|Any CPU
		{7E0B8C4F-7109-4416-AB7D-D656A898A14E}.Release|Any CPU.ActiveCfg = Release|Any CPU
		{7E0B8C4F-7109-4416-AB7D-D656A898A14E}.Release|Any CPU.Build.0 = Release|Any CPU
		{A4453E0E-1032-4EB7-A99A-89503FF92619}.Debug|Any CPU.ActiveCfg = Debug|Any CPU
		{A4453E0E-1032-4EB7-A99A-89503FF92619}.Debug|Any CPU.Build.0 = Debug|Any CPU
		{A4453E0E-1032-4EB7-A99A-89503FF92619}.Release|Any CPU.ActiveCfg = Release|Any CPU
		{A4453E0E-1032-4EB7-A99A-89503FF92619}.Release|Any CPU.Build.0 = Release|Any CPU
		{C7AF7D55-0F7D-4FBD-BED8-B2CF5D0A0FAE}.Debug|Any CPU.ActiveCfg = Debug|Any CPU
		{C7AF7D55-0F7D-4FBD-BED8-B2CF5D0A0FAE}.Debug|Any CPU.Build.0 = Debug|Any CPU
		{C7AF7D55-0F7D-4FBD-BED8-B2CF5D0A0FAE}.Release|Any CPU.ActiveCfg = Release|Any CPU
		{C7AF7D55-0F7D-4FBD-BED8-B2CF5D0A0FAE}.Release|Any CPU.Build.0 = Release|Any CPU
		{DB572EAF-E9C3-4148-91CD-BA398CB40F4C}.Debug|Any CPU.ActiveCfg = Debug|Any CPU
		{DB572EAF-E9C3-4148-91CD-BA398CB40F4C}.Debug|Any CPU.Build.0 = Debug|Any CPU
		{DB572EAF-E9C3-4148-91CD-BA398CB40F4C}.Release|Any CPU.ActiveCfg = Release|Any CPU
		{DB572EAF-E9C3-4148-91CD-BA398CB40F4C}.Release|Any CPU.Build.0 = Release|Any CPU
		{B921CB7A-9C00-4A9A-B546-D0ED005EBEDB}.Debug|Any CPU.ActiveCfg = Debug|Any CPU
		{B921CB7A-9C00-4A9A-B546-D0ED005EBEDB}.Debug|Any CPU.Build.0 = Debug|Any CPU
		{B921CB7A-9C00-4A9A-B546-D0ED005EBEDB}.Release|Any CPU.ActiveCfg = Release|Any CPU
		{B921CB7A-9C00-4A9A-B546-D0ED005EBEDB}.Release|Any CPU.Build.0 = Release|Any CPU
		{937D08FB-D782-4B7F-AF8C-A0FF95B163F4}.Debug|Any CPU.ActiveCfg = Debug|Any CPU
		{937D08FB-D782-4B7F-AF8C-A0FF95B163F4}.Debug|Any CPU.Build.0 = Debug|Any CPU
		{937D08FB-D782-4B7F-AF8C-A0FF95B163F4}.Release|Any CPU.ActiveCfg = Release|Any CPU
		{937D08FB-D782-4B7F-AF8C-A0FF95B163F4}.Release|Any CPU.Build.0 = Release|Any CPU
		{89813F25-E1E7-4D07-9DC7-075505552368}.Debug|Any CPU.ActiveCfg = Debug|Any CPU
		{89813F25-E1E7-4D07-9DC7-075505552368}.Debug|Any CPU.Build.0 = Debug|Any CPU
		{89813F25-E1E7-4D07-9DC7-075505552368}.Release|Any CPU.ActiveCfg = Release|Any CPU
		{89813F25-E1E7-4D07-9DC7-075505552368}.Release|Any CPU.Build.0 = Release|Any CPU
		{34E9CBAD-DDF6-4AAE-A48C-CB909B813E71}.Debug|Any CPU.ActiveCfg = Debug|Any CPU
		{34E9CBAD-DDF6-4AAE-A48C-CB909B813E71}.Debug|Any CPU.Build.0 = Debug|Any CPU
		{34E9CBAD-DDF6-4AAE-A48C-CB909B813E71}.Release|Any CPU.ActiveCfg = Release|Any CPU
		{34E9CBAD-DDF6-4AAE-A48C-CB909B813E71}.Release|Any CPU.Build.0 = Release|Any CPU
		{A461F9A6-A03B-4C9A-A9B2-15B65B3D3B61}.Debug|Any CPU.ActiveCfg = Debug|Any CPU
		{A461F9A6-A03B-4C9A-A9B2-15B65B3D3B61}.Debug|Any CPU.Build.0 = Debug|Any CPU
		{A461F9A6-A03B-4C9A-A9B2-15B65B3D3B61}.Release|Any CPU.ActiveCfg = Release|Any CPU
		{A461F9A6-A03B-4C9A-A9B2-15B65B3D3B61}.Release|Any CPU.Build.0 = Release|Any CPU
		{3F867280-B694-417D-8E29-5A71B5D8E750}.Debug|Any CPU.ActiveCfg = Debug|Any CPU
		{3F867280-B694-417D-8E29-5A71B5D8E750}.Debug|Any CPU.Build.0 = Debug|Any CPU
		{3F867280-B694-417D-8E29-5A71B5D8E750}.Release|Any CPU.ActiveCfg = Release|Any CPU
		{3F867280-B694-417D-8E29-5A71B5D8E750}.Release|Any CPU.Build.0 = Release|Any CPU
		{C2CC13E4-3843-45B0-A0E6-D0AF67F2B4AE}.Debug|Any CPU.ActiveCfg = Debug|Any CPU
		{C2CC13E4-3843-45B0-A0E6-D0AF67F2B4AE}.Debug|Any CPU.Build.0 = Debug|Any CPU
		{C2CC13E4-3843-45B0-A0E6-D0AF67F2B4AE}.Release|Any CPU.ActiveCfg = Release|Any CPU
		{C2CC13E4-3843-45B0-A0E6-D0AF67F2B4AE}.Release|Any CPU.Build.0 = Release|Any CPU
		{7A79E7BB-9D78-4B88-A664-C80DFC3E799D}.Debug|Any CPU.ActiveCfg = Debug|Any CPU
		{7A79E7BB-9D78-4B88-A664-C80DFC3E799D}.Debug|Any CPU.Build.0 = Debug|Any CPU
		{7A79E7BB-9D78-4B88-A664-C80DFC3E799D}.Release|Any CPU.ActiveCfg = Release|Any CPU
		{7A79E7BB-9D78-4B88-A664-C80DFC3E799D}.Release|Any CPU.Build.0 = Release|Any CPU
		{A4DFC0BC-534F-4009-8D09-638537690E09}.Debug|Any CPU.ActiveCfg = Debug|Any CPU
		{A4DFC0BC-534F-4009-8D09-638537690E09}.Debug|Any CPU.Build.0 = Debug|Any CPU
		{A4DFC0BC-534F-4009-8D09-638537690E09}.Release|Any CPU.ActiveCfg = Release|Any CPU
		{A4DFC0BC-534F-4009-8D09-638537690E09}.Release|Any CPU.Build.0 = Release|Any CPU
		{337DF73E-7BAF-4785-BAE1-07985C6C7669}.Debug|Any CPU.ActiveCfg = Debug|Any CPU
		{337DF73E-7BAF-4785-BAE1-07985C6C7669}.Debug|Any CPU.Build.0 = Debug|Any CPU
		{337DF73E-7BAF-4785-BAE1-07985C6C7669}.Release|Any CPU.ActiveCfg = Release|Any CPU
		{337DF73E-7BAF-4785-BAE1-07985C6C7669}.Release|Any CPU.Build.0 = Release|Any CPU
		{8A9A7408-19FD-4FED-9FFD-7EE21C17B785}.Debug|Any CPU.ActiveCfg = Debug|Any CPU
		{8A9A7408-19FD-4FED-9FFD-7EE21C17B785}.Debug|Any CPU.Build.0 = Debug|Any CPU
		{8A9A7408-19FD-4FED-9FFD-7EE21C17B785}.Release|Any CPU.ActiveCfg = Release|Any CPU
		{8A9A7408-19FD-4FED-9FFD-7EE21C17B785}.Release|Any CPU.Build.0 = Release|Any CPU
		{D71CB750-F9B3-4970-861C-30330A949280}.Debug|Any CPU.ActiveCfg = Debug|Any CPU
		{D71CB750-F9B3-4970-861C-30330A949280}.Debug|Any CPU.Build.0 = Debug|Any CPU
		{D71CB750-F9B3-4970-861C-30330A949280}.Release|Any CPU.ActiveCfg = Release|Any CPU
		{D71CB750-F9B3-4970-861C-30330A949280}.Release|Any CPU.Build.0 = Release|Any CPU
		{AC338BD4-06D9-4E4E-AAF4-DD1F2FA143B4}.Debug|Any CPU.ActiveCfg = Debug|Any CPU
		{AC338BD4-06D9-4E4E-AAF4-DD1F2FA143B4}.Debug|Any CPU.Build.0 = Debug|Any CPU
		{AC338BD4-06D9-4E4E-AAF4-DD1F2FA143B4}.Release|Any CPU.ActiveCfg = Release|Any CPU
		{AC338BD4-06D9-4E4E-AAF4-DD1F2FA143B4}.Release|Any CPU.Build.0 = Release|Any CPU
		{B062041D-DEDE-4135-8C24-5AD1F1C1F7F5}.Debug|Any CPU.ActiveCfg = Debug|Any CPU
		{B062041D-DEDE-4135-8C24-5AD1F1C1F7F5}.Debug|Any CPU.Build.0 = Debug|Any CPU
		{B062041D-DEDE-4135-8C24-5AD1F1C1F7F5}.Release|Any CPU.ActiveCfg = Release|Any CPU
		{B062041D-DEDE-4135-8C24-5AD1F1C1F7F5}.Release|Any CPU.Build.0 = Release|Any CPU
		{F179971A-81D8-4300-905B-C404B41A2F0C}.Debug|Any CPU.ActiveCfg = Debug|Any CPU
		{F179971A-81D8-4300-905B-C404B41A2F0C}.Debug|Any CPU.Build.0 = Debug|Any CPU
		{F179971A-81D8-4300-905B-C404B41A2F0C}.Release|Any CPU.ActiveCfg = Release|Any CPU
		{F179971A-81D8-4300-905B-C404B41A2F0C}.Release|Any CPU.Build.0 = Release|Any CPU
		{7B08712F-A14E-46ED-B97B-8D65A230B608}.Debug|Any CPU.ActiveCfg = Debug|Any CPU
		{7B08712F-A14E-46ED-B97B-8D65A230B608}.Debug|Any CPU.Build.0 = Debug|Any CPU
		{7B08712F-A14E-46ED-B97B-8D65A230B608}.Release|Any CPU.ActiveCfg = Release|Any CPU
		{7B08712F-A14E-46ED-B97B-8D65A230B608}.Release|Any CPU.Build.0 = Release|Any CPU
		{779EF80B-65EB-4351-8906-85D0FB115DA6}.Debug|Any CPU.ActiveCfg = Debug|Any CPU
		{779EF80B-65EB-4351-8906-85D0FB115DA6}.Debug|Any CPU.Build.0 = Debug|Any CPU
		{779EF80B-65EB-4351-8906-85D0FB115DA6}.Release|Any CPU.ActiveCfg = Release|Any CPU
		{779EF80B-65EB-4351-8906-85D0FB115DA6}.Release|Any CPU.Build.0 = Release|Any CPU
		{15D0016E-8CC6-42DE-AEFA-9E678E507204}.Debug|Any CPU.ActiveCfg = Debug|Any CPU
		{15D0016E-8CC6-42DE-AEFA-9E678E507204}.Debug|Any CPU.Build.0 = Debug|Any CPU
		{15D0016E-8CC6-42DE-AEFA-9E678E507204}.Release|Any CPU.ActiveCfg = Release|Any CPU
		{15D0016E-8CC6-42DE-AEFA-9E678E507204}.Release|Any CPU.Build.0 = Release|Any CPU
		{E2CDFC5F-A632-483E-AD19-0FC0028AE4FB}.Debug|Any CPU.ActiveCfg = Debug|Any CPU
		{E2CDFC5F-A632-483E-AD19-0FC0028AE4FB}.Debug|Any CPU.Build.0 = Debug|Any CPU
		{E2CDFC5F-A632-483E-AD19-0FC0028AE4FB}.Release|Any CPU.ActiveCfg = Release|Any CPU
		{E2CDFC5F-A632-483E-AD19-0FC0028AE4FB}.Release|Any CPU.Build.0 = Release|Any CPU
	EndGlobalSection
	GlobalSection(SolutionProperties) = preSolution
		HideSolutionNode = FALSE
	EndGlobalSection
	GlobalSection(NestedProjects) = preSolution
		{206C175F-1780-4EC6-8AE7-D8EA26161100} = {6E77C855-470B-49DE-BDD6-256122AA8CE1}
		{6EB4BB87-18D3-4285-908B-9507112C1B88} = {6E77C855-470B-49DE-BDD6-256122AA8CE1}
		{5D9E92CF-7079-45E9-A52F-DD809AEEFA09} = {6E77C855-470B-49DE-BDD6-256122AA8CE1}
		{7E0B8C4F-7109-4416-AB7D-D656A898A14E} = {6E77C855-470B-49DE-BDD6-256122AA8CE1}
		{A4453E0E-1032-4EB7-A99A-89503FF92619} = {6E77C855-470B-49DE-BDD6-256122AA8CE1}
		{C7AF7D55-0F7D-4FBD-BED8-B2CF5D0A0FAE} = {6E77C855-470B-49DE-BDD6-256122AA8CE1}
		{DB572EAF-E9C3-4148-91CD-BA398CB40F4C} = {6E77C855-470B-49DE-BDD6-256122AA8CE1}
		{B921CB7A-9C00-4A9A-B546-D0ED005EBEDB} = {6E77C855-470B-49DE-BDD6-256122AA8CE1}
		{937D08FB-D782-4B7F-AF8C-A0FF95B163F4} = {6E77C855-470B-49DE-BDD6-256122AA8CE1}
		{89813F25-E1E7-4D07-9DC7-075505552368} = {6E77C855-470B-49DE-BDD6-256122AA8CE1}
		{34E9CBAD-DDF6-4AAE-A48C-CB909B813E71} = {6E77C855-470B-49DE-BDD6-256122AA8CE1}
		{A461F9A6-A03B-4C9A-A9B2-15B65B3D3B61} = {6E77C855-470B-49DE-BDD6-256122AA8CE1}
		{3F867280-B694-417D-8E29-5A71B5D8E750} = {6E77C855-470B-49DE-BDD6-256122AA8CE1}
		{C2CC13E4-3843-45B0-A0E6-D0AF67F2B4AE} = {6E77C855-470B-49DE-BDD6-256122AA8CE1}
		{7A79E7BB-9D78-4B88-A664-C80DFC3E799D} = {6E77C855-470B-49DE-BDD6-256122AA8CE1}
		{A4DFC0BC-534F-4009-8D09-638537690E09} = {6E77C855-470B-49DE-BDD6-256122AA8CE1}
		{337DF73E-7BAF-4785-BAE1-07985C6C7669} = {6E77C855-470B-49DE-BDD6-256122AA8CE1}
		{8A9A7408-19FD-4FED-9FFD-7EE21C17B785} = {6E77C855-470B-49DE-BDD6-256122AA8CE1}
		{D71CB750-F9B3-4970-861C-30330A949280} = {6E77C855-470B-49DE-BDD6-256122AA8CE1}
		{AC338BD4-06D9-4E4E-AAF4-DD1F2FA143B4} = {6E77C855-470B-49DE-BDD6-256122AA8CE1}
		{B062041D-DEDE-4135-8C24-5AD1F1C1F7F5} = {6E77C855-470B-49DE-BDD6-256122AA8CE1}
		{F179971A-81D8-4300-905B-C404B41A2F0C} = {6E77C855-470B-49DE-BDD6-256122AA8CE1}
		{7B08712F-A14E-46ED-B97B-8D65A230B608} = {6E77C855-470B-49DE-BDD6-256122AA8CE1}
		{779EF80B-65EB-4351-8906-85D0FB115DA6} = {6E77C855-470B-49DE-BDD6-256122AA8CE1}
		{15D0016E-8CC6-42DE-AEFA-9E678E507204} = {6E77C855-470B-49DE-BDD6-256122AA8CE1}
		{E2CDFC5F-A632-483E-AD19-0FC0028AE4FB} = {6E77C855-470B-49DE-BDD6-256122AA8CE1}
	EndGlobalSection
	GlobalSection(ExtensibilityGlobals) = postSolution
		SolutionGuid = {98902C62-ADA4-4642-B222-D29B13F1DD9B}
	EndGlobalSection
EndGlobal
